
Microsoft Visual Studio Solution File, Format Version 12.00
# Visual Studio 15
VisualStudioVersion = 15.0.27703.2035
MinimumVisualStudioVersion = 10.0.40219.1
Project("{FAE04EC0-301F-11D3-BF4B-00C04F79EFBC}") = "NotCompatibleTypes", "NotCompatibleTypes\NotCompatibleTypes.csproj", "{92E5A367-12CC-4447-95C1-9971EBF6217E}"
EndProject
Global
	GlobalSection(SolutionConfigurationPlatforms) = preSolution
		Debug|Any CPU = Debug|Any CPU
		Release|Any CPU = Release|Any CPU
	EndGlobalSection
	GlobalSection(ProjectConfigurationPlatforms) = postSolution
		{92E5A367-12CC-4447-95C1-9971EBF6217E}.Debug|Any CPU.ActiveCfg = Debug|Any CPU
		{92E5A367-12CC-4447-95C1-9971EBF6217E}.Debug|Any CPU.Build.0 = Debug|Any CPU
		{92E5A367-12CC-4447-95C1-9971EBF6217E}.Release|Any CPU.ActiveCfg = Release|Any CPU
		{92E5A367-12CC-4447-95C1-9971EBF6217E}.Release|Any CPU.Build.0 = Release|Any CPU
	EndGlobalSection
	GlobalSection(SolutionProperties) = preSolution
		HideSolutionNode = FALSE
	EndGlobalSection
	GlobalSection(ExtensibilityGlobals) = postSolution
		SolutionGuid = {D9AC075F-7D8B-413F-B025-E0497DC2D7FD}
	EndGlobalSection
EndGlobal
